
Microsoft Visual Studio Solution File, Format Version 12.00
# Visual Studio 15
VisualStudioVersion = 15.0.28010.2036
MinimumVisualStudioVersion = 10.0.40219.1
Project("{FAE04EC0-301F-11D3-BF4B-00C04F79EFBC}") = "6_ora", "6_ora\6_ora.csproj", "{3C9A9F46-F56B-4C41-B003-E98F55DEDA49}"
EndProject
Global
	GlobalSection(SolutionConfigurationPlatforms) = preSolution
		Debug|Any CPU = Debug|Any CPU
		Release|Any CPU = Release|Any CPU
	EndGlobalSection
	GlobalSection(ProjectConfigurationPlatforms) = postSolution
		{3C9A9F46-F56B-4C41-B003-E98F55DEDA49}.Debug|Any CPU.ActiveCfg = Debug|Any CPU
		{3C9A9F46-F56B-4C41-B003-E98F55DEDA49}.Debug|Any CPU.Build.0 = Debug|Any CPU
		{3C9A9F46-F56B-4C41-B003-E98F55DEDA49}.Release|Any CPU.ActiveCfg = Release|Any CPU
		{3C9A9F46-F56B-4C41-B003-E98F55DEDA49}.Release|Any CPU.Build.0 = Release|Any CPU
	EndGlobalSection
	GlobalSection(SolutionProperties) = preSolution
		HideSolutionNode = FALSE
	EndGlobalSection
	GlobalSection(ExtensibilityGlobals) = postSolution
		SolutionGuid = {1096C15D-FE99-4560-A153-068D219E7B11}
	EndGlobalSection
EndGlobal
